
Microsoft Visual Studio Solution File, Format Version 12.00
# Visual Studio Version 17
VisualStudioVersion = 17.14.36105.17 d17.14
MinimumVisualStudioVersion = 10.0.40219.1
Project("{FAE04EC0-301F-11D3-BF4B-00C04F79EFBC}") = "CineVote", "CineVote.csproj", "{B99C1926-C325-4D0E-8469-E50D4FADE793}"
EndProject
Global
	GlobalSection(SolutionConfigurationPlatforms) = preSolution
		Debug|Any CPU = Debug|Any CPU
		Release|Any CPU = Release|Any CPU
	EndGlobalSection
	GlobalSection(ProjectConfigurationPlatforms) = postSolution
		{B99C1926-C325-4D0E-8469-E50D4FADE793}.Debug|Any CPU.ActiveCfg = Debug|Any CPU
		{B99C1926-C325-4D0E-8469-E50D4FADE793}.Debug|Any CPU.Build.0 = Debug|Any CPU
		{B99C1926-C325-4D0E-8469-E50D4FADE793}.Release|Any CPU.ActiveCfg = Release|Any CPU
		{B99C1926-C325-4D0E-8469-E50D4FADE793}.Release|Any CPU.Build.0 = Release|Any CPU
	EndGlobalSection
	GlobalSection(SolutionProperties) = preSolution
		HideSolutionNode = FALSE
	EndGlobalSection
	GlobalSection(ExtensibilityGlobals) = postSolution
		SolutionGuid = {32A89219-035A-4BEB-8278-B2768CF9FBE7}
	EndGlobalSection
EndGlobal
